// !$*UTF8*$!
{
	archiveVersion = 1;
	classes = {
	};
	objectVersion = 56;
	objects = {

/* Begin PBXBuildFile section */
		AD290FD7297B50E700A46182 /* PhotoViewController.swift in Sources */ = {isa = PBXBuildFile; fileRef = AD290FD6297B50E700A46182 /* PhotoViewController.swift */; };
		AD290FD9297B514500A46182 /* NewChatViewController.swift in Sources */ = {isa = PBXBuildFile; fileRef = AD290FD8297B514500A46182 /* NewChatViewController.swift */; };
		AD290FDB297B516900A46182 /* ProfileViewController.swift in Sources */ = {isa = PBXBuildFile; fileRef = AD290FDA297B516900A46182 /* ProfileViewController.swift */; };
		AD291001297B591400A46182 /* PageWithChats.storyboard in Resources */ = {isa = PBXBuildFile; fileRef = AD291000297B591400A46182 /* PageWithChats.storyboard */; };
		AD291003297B64FD00A46182 /* RegisterViewController.swift in Sources */ = {isa = PBXBuildFile; fileRef = AD291002297B64FD00A46182 /* RegisterViewController.swift */; };
		AD3F696C2925B77900121C96 /* AppDelegate.swift in Sources */ = {isa = PBXBuildFile; fileRef = AD3F696B2925B77900121C96 /* AppDelegate.swift */; };
		AD3F696E2925B77900121C96 /* SceneDelegate.swift in Sources */ = {isa = PBXBuildFile; fileRef = AD3F696D2925B77900121C96 /* SceneDelegate.swift */; };
		AD3F69752925B77A00121C96 /* Assets.xcassets in Resources */ = {isa = PBXBuildFile; fileRef = AD3F69742925B77A00121C96 /* Assets.xcassets */; };
		AD3F69782925B77A00121C96 /* LaunchScreen.storyboard in Resources */ = {isa = PBXBuildFile; fileRef = AD3F69762925B77A00121C96 /* LaunchScreen.storyboard */; };
		AD3F69802926D17D00121C96 /* GoogleService-Info.plist in Resources */ = {isa = PBXBuildFile; fileRef = AD3F697F2926D17D00121C96 /* GoogleService-Info.plist */; };
		AD77EAE4294881E700C95E63 /* PageWithChatsViewController.swift in Sources */ = {isa = PBXBuildFile; fileRef = AD77EAE3294881E700C95E63 /* PageWithChatsViewController.swift */; };
		AD8480C7297D916A0073E345 /* UserSettings.storyboard in Resources */ = {isa = PBXBuildFile; fileRef = AD8480C6297D916A0073E345 /* UserSettings.storyboard */; };
		AD860729293DAD2600202EA4 /* UsersList.storyboard in Resources */ = {isa = PBXBuildFile; fileRef = AD860728293DAD2600202EA4 /* UsersList.storyboard */; };
		AD86072B293DAEE500202EA4 /* Chat.storyboard in Resources */ = {isa = PBXBuildFile; fileRef = AD86072A293DAEE500202EA4 /* Chat.storyboard */; };
		AD86072D293DAF5100202EA4 /* UsersListTableViewController.swift in Sources */ = {isa = PBXBuildFile; fileRef = AD86072C293DAF5100202EA4 /* UsersListTableViewController.swift */; };
		AD86072F293DAF5D00202EA4 /* ChatTableViewController.swift in Sources */ = {isa = PBXBuildFile; fileRef = AD86072E293DAF5D00202EA4 /* ChatTableViewController.swift */; };
		AD860731293FC0EB00202EA4 /* Registration.storyboard in Resources */ = {isa = PBXBuildFile; fileRef = AD860730293FC0EB00202EA4 /* Registration.storyboard */; };
		AD860733293FD66000202EA4 /* Storyboard.swift in Sources */ = {isa = PBXBuildFile; fileRef = AD860732293FD66000202EA4 /* Storyboard.swift */; };
		AD86074B293FF0B500202EA4 /* Dependencies.swift in Sources */ = {isa = PBXBuildFile; fileRef = AD86074A293FF0B500202EA4 /* Dependencies.swift */; };
		AD86074D293FF0FD00202EA4 /* DependenciesImplementation.swift in Sources */ = {isa = PBXBuildFile; fileRef = AD86074C293FF0FD00202EA4 /* DependenciesImplementation.swift */; };
		ADA252B7293412A800AFAE3F /* LoginViewController.swift in Sources */ = {isa = PBXBuildFile; fileRef = ADA252B6293412A800AFAE3F /* LoginViewController.swift */; };
		ADAB046B29411FB800226159 /* Login.storyboard in Resources */ = {isa = PBXBuildFile; fileRef = ADAB046A29411FB800226159 /* Login.storyboard */; };
		CFA1A474C19D177278F3D4FE /* Pods_Messenger.framework in Frameworks */ = {isa = PBXBuildFile; fileRef = 00EBA753CCE00C279902EC94 /* Pods_Messenger.framework */; };
/* End PBXBuildFile section */

/* Begin PBXFileReference section */
		00EBA753CCE00C279902EC94 /* Pods_Messenger.framework */ = {isa = PBXFileReference; explicitFileType = wrapper.framework; includeInIndex = 0; path = Pods_Messenger.framework; sourceTree = BUILT_PRODUCTS_DIR; };
		1616A8FD9A1C5ADEBCA48782 /* Pods-Messenger.debug.xcconfig */ = {isa = PBXFileReference; includeInIndex = 1; lastKnownFileType = text.xcconfig; name = "Pods-Messenger.debug.xcconfig"; path = "Target Support Files/Pods-Messenger/Pods-Messenger.debug.xcconfig"; sourceTree = "<group>"; };
		AD290FD6297B50E700A46182 /* PhotoViewController.swift */ = {isa = PBXFileReference; lastKnownFileType = sourcecode.swift; path = PhotoViewController.swift; sourceTree = "<group>"; };
		AD290FD8297B514500A46182 /* NewChatViewController.swift */ = {isa = PBXFileReference; lastKnownFileType = sourcecode.swift; path = NewChatViewController.swift; sourceTree = "<group>"; };
		AD290FDA297B516900A46182 /* ProfileViewController.swift */ = {isa = PBXFileReference; lastKnownFileType = sourcecode.swift; path = ProfileViewController.swift; sourceTree = "<group>"; };
		AD290FFE297B567100A46182 /* Info.plist */ = {isa = PBXFileReference; fileEncoding = 4; lastKnownFileType = text.plist.xml; path = Info.plist; sourceTree = "<group>"; };
		AD291000297B591400A46182 /* PageWithChats.storyboard */ = {isa = PBXFileReference; lastKnownFileType = file.storyboard; path = PageWithChats.storyboard; sourceTree = "<group>"; };
		AD291002297B64FD00A46182 /* RegisterViewController.swift */ = {isa = PBXFileReference; lastKnownFileType = sourcecode.swift; path = RegisterViewController.swift; sourceTree = "<group>"; };
		AD3F69682925B77900121C96 /* Messenger.app */ = {isa = PBXFileReference; explicitFileType = wrapper.application; includeInIndex = 0; path = Messenger.app; sourceTree = BUILT_PRODUCTS_DIR; };
		AD3F696B2925B77900121C96 /* AppDelegate.swift */ = {isa = PBXFileReference; lastKnownFileType = sourcecode.swift; path = AppDelegate.swift; sourceTree = "<group>"; };
		AD3F696D2925B77900121C96 /* SceneDelegate.swift */ = {isa = PBXFileReference; lastKnownFileType = sourcecode.swift; path = SceneDelegate.swift; sourceTree = "<group>"; };
		AD3F69742925B77A00121C96 /* Assets.xcassets */ = {isa = PBXFileReference; lastKnownFileType = folder.assetcatalog; path = Assets.xcassets; sourceTree = "<group>"; };
		AD3F69772925B77A00121C96 /* Base */ = {isa = PBXFileReference; lastKnownFileType = file.storyboard; name = Base; path = Base.lproj/LaunchScreen.storyboard; sourceTree = "<group>"; };
		AD3F697F2926D17D00121C96 /* GoogleService-Info.plist */ = {isa = PBXFileReference; fileEncoding = 4; lastKnownFileType = text.plist.xml; path = "GoogleService-Info.plist"; sourceTree = "<group>"; };
		AD77EAE3294881E700C95E63 /* PageWithChatsViewController.swift */ = {isa = PBXFileReference; lastKnownFileType = sourcecode.swift; path = PageWithChatsViewController.swift; sourceTree = "<group>"; };
		AD8480C6297D916A0073E345 /* UserSettings.storyboard */ = {isa = PBXFileReference; lastKnownFileType = file.storyboard; path = UserSettings.storyboard; sourceTree = "<group>"; };
		AD860728293DAD2600202EA4 /* UsersList.storyboard */ = {isa = PBXFileReference; lastKnownFileType = file.storyboard; path = UsersList.storyboard; sourceTree = "<group>"; };
		AD86072A293DAEE500202EA4 /* Chat.storyboard */ = {isa = PBXFileReference; lastKnownFileType = file.storyboard; path = Chat.storyboard; sourceTree = "<group>"; };
		AD86072C293DAF5100202EA4 /* UsersListTableViewController.swift */ = {isa = PBXFileReference; lastKnownFileType = sourcecode.swift; path = UsersListTableViewController.swift; sourceTree = "<group>"; };
		AD86072E293DAF5D00202EA4 /* ChatTableViewController.swift */ = {isa = PBXFileReference; lastKnownFileType = sourcecode.swift; path = ChatTableViewController.swift; sourceTree = "<group>"; };
		AD860730293FC0EB00202EA4 /* Registration.storyboard */ = {isa = PBXFileReference; lastKnownFileType = file.storyboard; path = Registration.storyboard; sourceTree = "<group>"; };
		AD860732293FD66000202EA4 /* Storyboard.swift */ = {isa = PBXFileReference; lastKnownFileType = sourcecode.swift; path = Storyboard.swift; sourceTree = "<group>"; };
		AD86074A293FF0B500202EA4 /* Dependencies.swift */ = {isa = PBXFileReference; lastKnownFileType = sourcecode.swift; path = Dependencies.swift; sourceTree = "<group>"; };
		AD86074C293FF0FD00202EA4 /* DependenciesImplementation.swift */ = {isa = PBXFileReference; lastKnownFileType = sourcecode.swift; path = DependenciesImplementation.swift; sourceTree = "<group>"; };
		ADA252B6293412A800AFAE3F /* LoginViewController.swift */ = {isa = PBXFileReference; lastKnownFileType = sourcecode.swift; path = LoginViewController.swift; sourceTree = "<group>"; };
		ADAB046A29411FB800226159 /* Login.storyboard */ = {isa = PBXFileReference; fileEncoding = 4; lastKnownFileType = file.storyboard; path = Login.storyboard; sourceTree = "<group>"; };
		BBDC98D0A6058B7568F26620 /* Pods-Messenger.release.xcconfig */ = {isa = PBXFileReference; includeInIndex = 1; lastKnownFileType = text.xcconfig; name = "Pods-Messenger.release.xcconfig"; path = "Target Support Files/Pods-Messenger/Pods-Messenger.release.xcconfig"; sourceTree = "<group>"; };
/* End PBXFileReference section */

/* Begin PBXFrameworksBuildPhase section */
		AD3F69652925B77900121C96 /* Frameworks */ = {
			isa = PBXFrameworksBuildPhase;
			buildActionMask = 2147483647;
			files = (
				CFA1A474C19D177278F3D4FE /* Pods_Messenger.framework in Frameworks */,
			);
			runOnlyForDeploymentPostprocessing = 0;
		};
/* End PBXFrameworksBuildPhase section */

/* Begin PBXGroup section */
		972B646DC534942BEAF3927E /* Frameworks */ = {
			isa = PBXGroup;
			children = (
				00EBA753CCE00C279902EC94 /* Pods_Messenger.framework */,
			);
			name = Frameworks;
			sourceTree = "<group>";
		};
		9CA19D94116F92BD219C5A36 /* Pods */ = {
			isa = PBXGroup;
			children = (
				1616A8FD9A1C5ADEBCA48782 /* Pods-Messenger.debug.xcconfig */,
				BBDC98D0A6058B7568F26620 /* Pods-Messenger.release.xcconfig */,
			);
			path = Pods;
			sourceTree = "<group>";
		};
		AD3F695F2925B77800121C96 = {
			isa = PBXGroup;
			children = (
				AD3F696A2925B77900121C96 /* Messenger */,
				AD3F69692925B77900121C96 /* Products */,
				9CA19D94116F92BD219C5A36 /* Pods */,
				972B646DC534942BEAF3927E /* Frameworks */,
			);
			sourceTree = "<group>";
		};
		AD3F69692925B77900121C96 /* Products */ = {
			isa = PBXGroup;
			children = (
				AD3F69682925B77900121C96 /* Messenger.app */,
			);
			name = Products;
			sourceTree = "<group>";
		};
		AD3F696A2925B77900121C96 /* Messenger */ = {
			isa = PBXGroup;
			children = (
				ADA252B9293412CC00AFAE3F /* Storyboards */,
				ADA252B8293412B200AFAE3F /* ViewControllers */,
				AD860748293FF06D00202EA4 /* Dependencies */,
				AD3F696B2925B77900121C96 /* AppDelegate.swift */,
				AD3F696D2925B77900121C96 /* SceneDelegate.swift */,
				AD3F69742925B77A00121C96 /* Assets.xcassets */,
				AD290FFE297B567100A46182 /* Info.plist */,
				AD3F697F2926D17D00121C96 /* GoogleService-Info.plist */,
				AD860732293FD66000202EA4 /* Storyboard.swift */,
			);
			path = Messenger;
			sourceTree = "<group>";
		};
		AD860748293FF06D00202EA4 /* Dependencies */ = {
			isa = PBXGroup;
			children = (
				AD86074A293FF0B500202EA4 /* Dependencies.swift */,
				AD86074C293FF0FD00202EA4 /* DependenciesImplementation.swift */,
			);
			path = Dependencies;
			sourceTree = "<group>";
		};
		ADA252B8293412B200AFAE3F /* ViewControllers */ = {
			isa = PBXGroup;
			children = (
				ADA252B6293412A800AFAE3F /* LoginViewController.swift */,
				AD291002297B64FD00A46182 /* RegisterViewController.swift */,
				AD77EAE3294881E700C95E63 /* PageWithChatsViewController.swift */,
				AD86072C293DAF5100202EA4 /* UsersListTableViewController.swift */,
				AD86072E293DAF5D00202EA4 /* ChatTableViewController.swift */,
				AD290FD6297B50E700A46182 /* PhotoViewController.swift */,
				AD290FD8297B514500A46182 /* NewChatViewController.swift */,
				AD290FDA297B516900A46182 /* ProfileViewController.swift */,
			);
			path = ViewControllers;
			sourceTree = "<group>";
		};
		ADA252B9293412CC00AFAE3F /* Storyboards */ = {
			isa = PBXGroup;
			children = (
				ADAB046A29411FB800226159 /* Login.storyboard */,
				AD860730293FC0EB00202EA4 /* Registration.storyboard */,
				AD291000297B591400A46182 /* PageWithChats.storyboard */,
				AD860728293DAD2600202EA4 /* UsersList.storyboard */,
				AD86072A293DAEE500202EA4 /* Chat.storyboard */,
				AD8480C6297D916A0073E345 /* UserSettings.storyboard */,
				AD3F69762925B77A00121C96 /* LaunchScreen.storyboard */,
			);
			path = Storyboards;
			sourceTree = "<group>";
		};
/* End PBXGroup section */

/* Begin PBXNativeTarget section */
		AD3F69672925B77900121C96 /* Messenger */ = {
			isa = PBXNativeTarget;
			buildConfigurationList = AD3F697C2925B77A00121C96 /* Build configuration list for PBXNativeTarget "Messenger" */;
			buildPhases = (
				A6DD806D758D844C32CE2041 /* [CP] Check Pods Manifest.lock */,
				AD3F69642925B77900121C96 /* Sources */,
				AD3F69652925B77900121C96 /* Frameworks */,
				AD3F69662925B77900121C96 /* Resources */,
				A500CCCD0A4B50CA2F556CE1 /* [CP] Embed Pods Frameworks */,
			);
			buildRules = (
			);
			dependencies = (
			);
			name = Messenger;
			productName = Messenger;
			productReference = AD3F69682925B77900121C96 /* Messenger.app */;
			productType = "com.apple.product-type.application";
		};
/* End PBXNativeTarget section */

/* Begin PBXProject section */
		AD3F69602925B77800121C96 /* Project object */ = {
			isa = PBXProject;
			attributes = {
				BuildIndependentTargetsInParallel = 1;
				LastSwiftUpdateCheck = 1400;
				LastUpgradeCheck = 1400;
				ORGANIZATIONNAME = "Nikita Moshyn";
				TargetAttributes = {
					AD3F69672925B77900121C96 = {
						CreatedOnToolsVersion = 14.0.1;
					};
				};
			};
			buildConfigurationList = AD3F69632925B77800121C96 /* Build configuration list for PBXProject "Messenger" */;
			compatibilityVersion = "Xcode 14.0";
			developmentRegion = en;
			hasScannedForEncodings = 0;
			knownRegions = (
				en,
				Base,
			);
			mainGroup = AD3F695F2925B77800121C96;
			productRefGroup = AD3F69692925B77900121C96 /* Products */;
			projectDirPath = "";
			projectRoot = "";
			targets = (
				AD3F69672925B77900121C96 /* Messenger */,
			);
		};
/* End PBXProject section */

/* Begin PBXResourcesBuildPhase section */
		AD3F69662925B77900121C96 /* Resources */ = {
			isa = PBXResourcesBuildPhase;
			buildActionMask = 2147483647;
			files = (
				ADAB046B29411FB800226159 /* Login.storyboard in Resources */,
				AD86072B293DAEE500202EA4 /* Chat.storyboard in Resources */,
				AD3F69782925B77A00121C96 /* LaunchScreen.storyboard in Resources */,
				AD291001297B591400A46182 /* PageWithChats.storyboard in Resources */,
				AD860729293DAD2600202EA4 /* UsersList.storyboard in Resources */,
				AD8480C7297D916A0073E345 /* UserSettings.storyboard in Resources */,
				AD860731293FC0EB00202EA4 /* Registration.storyboard in Resources */,
				AD3F69802926D17D00121C96 /* GoogleService-Info.plist in Resources */,
				AD3F69752925B77A00121C96 /* Assets.xcassets in Resources */,
			);
			runOnlyForDeploymentPostprocessing = 0;
		};
/* End PBXResourcesBuildPhase section */

/* Begin PBXShellScriptBuildPhase section */
		A500CCCD0A4B50CA2F556CE1 /* [CP] Embed Pods Frameworks */ = {
			isa = PBXShellScriptBuildPhase;
			buildActionMask = 2147483647;
			files = (
			);
			inputFileListPaths = (
				"${PODS_ROOT}/Target Support Files/Pods-Messenger/Pods-Messenger-frameworks-${CONFIGURATION}-input-files.xcfilelist",
			);
			name = "[CP] Embed Pods Frameworks";
			outputFileListPaths = (
				"${PODS_ROOT}/Target Support Files/Pods-Messenger/Pods-Messenger-frameworks-${CONFIGURATION}-output-files.xcfilelist",
			);
			runOnlyForDeploymentPostprocessing = 0;
			shellPath = /bin/sh;
			shellScript = "\"${PODS_ROOT}/Target Support Files/Pods-Messenger/Pods-Messenger-frameworks.sh\"\n";
			showEnvVarsInLog = 0;
		};
		A6DD806D758D844C32CE2041 /* [CP] Check Pods Manifest.lock */ = {
			isa = PBXShellScriptBuildPhase;
			buildActionMask = 2147483647;
			files = (
			);
			inputFileListPaths = (
			);
			inputPaths = (
				"${PODS_PODFILE_DIR_PATH}/Podfile.lock",
				"${PODS_ROOT}/Manifest.lock",
			);
			name = "[CP] Check Pods Manifest.lock";
			outputFileListPaths = (
			);
			outputPaths = (
				"$(DERIVED_FILE_DIR)/Pods-Messenger-checkManifestLockResult.txt",
			);
			runOnlyForDeploymentPostprocessing = 0;
			shellPath = /bin/sh;
			shellScript = "diff \"${PODS_PODFILE_DIR_PATH}/Podfile.lock\" \"${PODS_ROOT}/Manifest.lock\" > /dev/null\nif [ $? != 0 ] ; then\n    # print error to STDERR\n    echo \"error: The sandbox is not in sync with the Podfile.lock. Run 'pod install' or update your CocoaPods installation.\" >&2\n    exit 1\nfi\n# This output is used by Xcode 'outputs' to avoid re-running this script phase.\necho \"SUCCESS\" > \"${SCRIPT_OUTPUT_FILE_0}\"\n";
			showEnvVarsInLog = 0;
		};
/* End PBXShellScriptBuildPhase section */

/* Begin PBXSourcesBuildPhase section */
		AD3F69642925B77900121C96 /* Sources */ = {
			isa = PBXSourcesBuildPhase;
			buildActionMask = 2147483647;
			files = (
				AD290FD9297B514500A46182 /* NewChatViewController.swift in Sources */,
				AD860733293FD66000202EA4 /* Storyboard.swift in Sources */,
				AD86074D293FF0FD00202EA4 /* DependenciesImplementation.swift in Sources */,
				AD86072D293DAF5100202EA4 /* UsersListTableViewController.swift in Sources */,
				AD86074B293FF0B500202EA4 /* Dependencies.swift in Sources */,
				ADA252B7293412A800AFAE3F /* LoginViewController.swift in Sources */,
				AD290FDB297B516900A46182 /* ProfileViewController.swift in Sources */,
				AD3F696C2925B77900121C96 /* AppDelegate.swift in Sources */,
				AD77EAE4294881E700C95E63 /* PageWithChatsViewController.swift in Sources */,
				AD3F696E2925B77900121C96 /* SceneDelegate.swift in Sources */,
				AD291003297B64FD00A46182 /* RegisterViewController.swift in Sources */,
				AD86072F293DAF5D00202EA4 /* ChatTableViewController.swift in Sources */,
				AD290FD7297B50E700A46182 /* PhotoViewController.swift in Sources */,
			);
			runOnlyForDeploymentPostprocessing = 0;
		};
/* End PBXSourcesBuildPhase section */

/* Begin PBXVariantGroup section */
		AD3F69762925B77A00121C96 /* LaunchScreen.storyboard */ = {
			isa = PBXVariantGroup;
			children = (
				AD3F69772925B77A00121C96 /* Base */,
			);
			name = LaunchScreen.storyboard;
			sourceTree = "<group>";
		};
/* End PBXVariantGroup section */

/* Begin XCBuildConfiguration section */
		AD3F697A2925B77A00121C96 /* Debug */ = {
			isa = XCBuildConfiguration;
			buildSettings = {
				ALWAYS_SEARCH_USER_PATHS = NO;
				CLANG_ANALYZER_NONNULL = YES;
				CLANG_ANALYZER_NUMBER_OBJECT_CONVERSION = YES_AGGRESSIVE;
				CLANG_CXX_LANGUAGE_STANDARD = "gnu++20";
				CLANG_ENABLE_MODULES = YES;
				CLANG_ENABLE_OBJC_ARC = YES;
				CLANG_ENABLE_OBJC_WEAK = YES;
				CLANG_WARN_BLOCK_CAPTURE_AUTORELEASING = YES;
				CLANG_WARN_BOOL_CONVERSION = YES;
				CLANG_WARN_COMMA = YES;
				CLANG_WARN_CONSTANT_CONVERSION = YES;
				CLANG_WARN_DEPRECATED_OBJC_IMPLEMENTATIONS = YES;
				CLANG_WARN_DIRECT_OBJC_ISA_USAGE = YES_ERROR;
				CLANG_WARN_DOCUMENTATION_COMMENTS = YES;
				CLANG_WARN_EMPTY_BODY = YES;
				CLANG_WARN_ENUM_CONVERSION = YES;
				CLANG_WARN_INFINITE_RECURSION = YES;
				CLANG_WARN_INT_CONVERSION = YES;
				CLANG_WARN_NON_LITERAL_NULL_CONVERSION = YES;
				CLANG_WARN_OBJC_IMPLICIT_RETAIN_SELF = YES;
				CLANG_WARN_OBJC_LITERAL_CONVERSION = YES;
				CLANG_WARN_OBJC_ROOT_CLASS = YES_ERROR;
				CLANG_WARN_QUOTED_INCLUDE_IN_FRAMEWORK_HEADER = YES;
				CLANG_WARN_RANGE_LOOP_ANALYSIS = YES;
				CLANG_WARN_STRICT_PROTOTYPES = YES;
				CLANG_WARN_SUSPICIOUS_MOVE = YES;
				CLANG_WARN_UNGUARDED_AVAILABILITY = YES_AGGRESSIVE;
				CLANG_WARN_UNREACHABLE_CODE = YES;
				CLANG_WARN__DUPLICATE_METHOD_MATCH = YES;
				COPY_PHASE_STRIP = NO;
				DEBUG_INFORMATION_FORMAT = dwarf;
				ENABLE_STRICT_OBJC_MSGSEND = YES;
				ENABLE_TESTABILITY = YES;
				GCC_C_LANGUAGE_STANDARD = gnu11;
				GCC_DYNAMIC_NO_PIC = NO;
				GCC_NO_COMMON_BLOCKS = YES;
				GCC_OPTIMIZATION_LEVEL = 0;
				GCC_PREPROCESSOR_DEFINITIONS = (
					"DEBUG=1",
					"$(inherited)",
				);
				GCC_WARN_64_TO_32_BIT_CONVERSION = YES;
				GCC_WARN_ABOUT_RETURN_TYPE = YES_ERROR;
				GCC_WARN_UNDECLARED_SELECTOR = YES;
				GCC_WARN_UNINITIALIZED_AUTOS = YES_AGGRESSIVE;
				GCC_WARN_UNUSED_FUNCTION = YES;
				GCC_WARN_UNUSED_VARIABLE = YES;
				IPHONEOS_DEPLOYMENT_TARGET = 16.0;
				MTL_ENABLE_DEBUG_INFO = INCLUDE_SOURCE;
				MTL_FAST_MATH = YES;
				ONLY_ACTIVE_ARCH = YES;
				SDKROOT = iphoneos;
				SWIFT_ACTIVE_COMPILATION_CONDITIONS = DEBUG;
				SWIFT_OPTIMIZATION_LEVEL = "-Onone";
			};
			name = Debug;
		};
		AD3F697B2925B77A00121C96 /* Release */ = {
			isa = XCBuildConfiguration;
			buildSettings = {
				ALWAYS_SEARCH_USER_PATHS = NO;
				CLANG_ANALYZER_NONNULL = YES;
				CLANG_ANALYZER_NUMBER_OBJECT_CONVERSION = YES_AGGRESSIVE;
				CLANG_CXX_LANGUAGE_STANDARD = "gnu++20";
				CLANG_ENABLE_MODULES = YES;
				CLANG_ENABLE_OBJC_ARC = YES;
				CLANG_ENABLE_OBJC_WEAK = YES;
				CLANG_WARN_BLOCK_CAPTURE_AUTORELEASING = YES;
				CLANG_WARN_BOOL_CONVERSION = YES;
				CLANG_WARN_COMMA = YES;
				CLANG_WARN_CONSTANT_CONVERSION = YES;
				CLANG_WARN_DEPRECATED_OBJC_IMPLEMENTATIONS = YES;
				CLANG_WARN_DIRECT_OBJC_ISA_USAGE = YES_ERROR;
				CLANG_WARN_DOCUMENTATION_COMMENTS = YES;
				CLANG_WARN_EMPTY_BODY = YES;
				CLANG_WARN_ENUM_CONVERSION = YES;
				CLANG_WARN_INFINITE_RECURSION = YES;
				CLANG_WARN_INT_CONVERSION = YES;
				CLANG_WARN_NON_LITERAL_NULL_CONVERSION = YES;
				CLANG_WARN_OBJC_IMPLICIT_RETAIN_SELF = YES;
				CLANG_WARN_OBJC_LITERAL_CONVERSION = YES;
				CLANG_WARN_OBJC_ROOT_CLASS = YES_ERROR;
				CLANG_WARN_QUOTED_INCLUDE_IN_FRAMEWORK_HEADER = YES;
				CLANG_WARN_RANGE_LOOP_ANALYSIS = YES;
				CLANG_WARN_STRICT_PROTOTYPES = YES;
				CLANG_WARN_SUSPICIOUS_MOVE = YES;
				CLANG_WARN_UNGUARDED_AVAILABILITY = YES_AGGRESSIVE;
				CLANG_WARN_UNREACHABLE_CODE = YES;
				CLANG_WARN__DUPLICATE_METHOD_MATCH = YES;
				COPY_PHASE_STRIP = NO;
				DEBUG_INFORMATION_FORMAT = "dwarf-with-dsym";
				ENABLE_NS_ASSERTIONS = NO;
				ENABLE_STRICT_OBJC_MSGSEND = YES;
				GCC_C_LANGUAGE_STANDARD = gnu11;
				GCC_NO_COMMON_BLOCKS = YES;
				GCC_WARN_64_TO_32_BIT_CONVERSION = YES;
				GCC_WARN_ABOUT_RETURN_TYPE = YES_ERROR;
				GCC_WARN_UNDECLARED_SELECTOR = YES;
				GCC_WARN_UNINITIALIZED_AUTOS = YES_AGGRESSIVE;
				GCC_WARN_UNUSED_FUNCTION = YES;
				GCC_WARN_UNUSED_VARIABLE = YES;
				IPHONEOS_DEPLOYMENT_TARGET = 16.0;
				MTL_ENABLE_DEBUG_INFO = NO;
				MTL_FAST_MATH = YES;
				SDKROOT = iphoneos;
				SWIFT_COMPILATION_MODE = wholemodule;
				SWIFT_OPTIMIZATION_LEVEL = "-O";
				VALIDATE_PRODUCT = YES;
			};
			name = Release;
		};
		AD3F697D2925B77A00121C96 /* Debug */ = {
			isa = XCBuildConfiguration;
			baseConfigurationReference = 1616A8FD9A1C5ADEBCA48782 /* Pods-Messenger.debug.xcconfig */;
			buildSettings = {
				ASSETCATALOG_COMPILER_APPICON_NAME = AppIcon;
				ASSETCATALOG_COMPILER_GLOBAL_ACCENT_COLOR_NAME = AccentColor;
				CODE_SIGN_STYLE = Automatic;
				CURRENT_PROJECT_VERSION = 1;
				DEVELOPMENT_TEAM = 3H8Z3J9U5A;
				GENERATE_INFOPLIST_FILE = YES;
				INFOPLIST_FILE = Messenger/Info.plist;
				INFOPLIST_KEY_CFBundleDisplayName = Messenger;
				INFOPLIST_KEY_LSApplicationCategoryType = "public.app-category.social-networking";
				INFOPLIST_KEY_UIApplicationSupportsIndirectInputEvents = YES;
				INFOPLIST_KEY_UILaunchStoryboardName = LaunchScreen.storyboard;
				INFOPLIST_KEY_UIMainStoryboardFile = "";
				INFOPLIST_KEY_UISupportedInterfaceOrientations = UIInterfaceOrientationPortrait;
				IPHONEOS_DEPLOYMENT_TARGET = 15.0;
				LD_RUNPATH_SEARCH_PATHS = (
					"$(inherited)",
					"@executable_path/Frameworks",
				);
				MARKETING_VERSION = 1.0;
				PRODUCT_BUNDLE_IDENTIFIER = MN.Messenger;
				PRODUCT_NAME = "$(TARGET_NAME)";
				SWIFT_EMIT_LOC_STRINGS = YES;
				SWIFT_VERSION = 5.0;
				TARGETED_DEVICE_FAMILY = "1,2";
			};
			name = Debug;
		};
		AD3F697E2925B77A00121C96 /* Release */ = {
			isa = XCBuildConfiguration;
			baseConfigurationReference = BBDC98D0A6058B7568F26620 /* Pods-Messenger.release.xcconfig */;
			buildSettings = {
				ASSETCATALOG_COMPILER_APPICON_NAME = AppIcon;
				ASSETCATALOG_COMPILER_GLOBAL_ACCENT_COLOR_NAME = AccentColor;
				CODE_SIGN_STYLE = Automatic;
				CURRENT_PROJECT_VERSION = 1;
				DEVELOPMENT_TEAM = 3H8Z3J9U5A;
				GENERATE_INFOPLIST_FILE = YES;
				INFOPLIST_FILE = Messenger/Info.plist;
				INFOPLIST_KEY_CFBundleDisplayName = Messenger;
				INFOPLIST_KEY_LSApplicationCategoryType = "public.app-category.social-networking";
				INFOPLIST_KEY_UIApplicationSupportsIndirectInputEvents = YES;
				INFOPLIST_KEY_UILaunchStoryboardName = LaunchScreen.storyboard;
				INFOPLIST_KEY_UIMainStoryboardFile = "";
				INFOPLIST_KEY_UISupportedInterfaceOrientations = UIInterfaceOrientationPortrait;
				IPHONEOS_DEPLOYMENT_TARGET = 15.0;
				LD_RUNPATH_SEARCH_PATHS = (
					"$(inherited)",
					"@executable_path/Frameworks",
				);
				MARKETING_VERSION = 1.0;
				PRODUCT_BUNDLE_IDENTIFIER = MN.Messenger;
				PRODUCT_NAME = "$(TARGET_NAME)";
				SWIFT_EMIT_LOC_STRINGS = YES;
				SWIFT_VERSION = 5.0;
				TARGETED_DEVICE_FAMILY = "1,2";
			};
			name = Release;
		};
/* End XCBuildConfiguration section */

/* Begin XCConfigurationList section */
		AD3F69632925B77800121C96 /* Build configuration list for PBXProject "Messenger" */ = {
			isa = XCConfigurationList;
			buildConfigurations = (
				AD3F697A2925B77A00121C96 /* Debug */,
				AD3F697B2925B77A00121C96 /* Release */,
			);
			defaultConfigurationIsVisible = 0;
			defaultConfigurationName = Release;
		};
		AD3F697C2925B77A00121C96 /* Build configuration list for PBXNativeTarget "Messenger" */ = {
			isa = XCConfigurationList;
			buildConfigurations = (
				AD3F697D2925B77A00121C96 /* Debug */,
				AD3F697E2925B77A00121C96 /* Release */,
			);
			defaultConfigurationIsVisible = 0;
			defaultConfigurationName = Release;
		};
/* End XCConfigurationList section */
	};
	rootObject = AD3F69602925B77800121C96 /* Project object */;
}
